<?xml version="1.0" encoding="utf-8"?>
<Project ToolsVersion="4.0" xmlns="http://schemas.microsoft.com/developer/msbuild/2003">
  <ItemGroup>
    <Filter Include="src">
      <UniqueIdentifier>{b5b2d565-c388-4d3c-bcf1-6a925b9a3c06}</UniqueIdentifier>
    </Filter>
  </ItemGroup>
  <ItemGroup>
    <ClCompile Include="..\..\src\mmscan_console.c">
      <Filter>src</Filter>
    </ClCompile>
    <ClCompile Include="..\..\src\mmscan.c">
      <Filter>src</Filter>
    </ClCompile>
    <ClCompile Include="..\..\src\mmscan_diablo3.c">
      <Filter>src</Filter>
    </ClCompile>
  </ItemGroup>
  <ItemGroup>
    <ClInclude Include="..\..\src\mmscan.h">
      <Filter>src</Filter>
    </ClInclude>
    <ClInclude Include="..\..\src\mmscan_diablo3.h">
      <Filter>src</Filter>
    </ClInclude>
    <ClInclude Include="..\..\src\mmscan_base.h">
      <Filter>src</Filter>
    </ClInclude>
  </ItemGroup>
</Project>